
Microsoft Visual Studio Solution File, Format Version 12.00
# Visual Studio 15
VisualStudioVersion = 15.0.28307.489
MinimumVisualStudioVersion = 10.0.40219.1
Project("{FAE04EC0-301F-11D3-BF4B-00C04F79EFBC}") = "Archivos", "Archivos\Archivos.csproj", "{C7BEF936-BB6C-4442-9F81-6883222B51FD}"
EndProject
Project("{FAE04EC0-301F-11D3-BF4B-00C04F79EFBC}") = "EntidadesAbstractas", "EntidadesAbstractas\EntidadesAbstractas.csproj", "{C0DDFD06-7F3D-4036-8E81-6D2C1F2CF37A}"
EndProject
Project("{FAE04EC0-301F-11D3-BF4B-00C04F79EFBC}") = "EntidadesInstanciables", "EntidadesInstanciables\EntidadesInstanciables.csproj", "{DB3D3479-E862-4229-AC75-43B0CA59D504}"
EndProject
Project("{FAE04EC0-301F-11D3-BF4B-00C04F79EFBC}") = "Excepciones", "Excepciones\Excepciones.csproj", "{2F6E8217-E488-4BEA-9A2B-71E341E0E233}"
EndProject
Project("{FAE04EC0-301F-11D3-BF4B-00C04F79EFBC}") = "UnitTestTP3", "UnitTestTP3\UnitTestTP3.csproj", "{D4A9CB43-550A-43FB-9AE8-48E447064CBF}"
EndProject
Project("{FAE04EC0-301F-11D3-BF4B-00C04F79EFBC}") = "Console TP3", "Console TP3\Console TP3.csproj", "{C294D462-A083-4162-B147-B408FC3F5DF8}"
EndProject
Global
	GlobalSection(SolutionConfigurationPlatforms) = preSolution
		Debug|Any CPU = Debug|Any CPU
		Release|Any CPU = Release|Any CPU
	EndGlobalSection
	GlobalSection(ProjectConfigurationPlatforms) = postSolution
		{C7BEF936-BB6C-4442-9F81-6883222B51FD}.Debug|Any CPU.ActiveCfg = Debug|Any CPU
		{C7BEF936-BB6C-4442-9F81-6883222B51FD}.Debug|Any CPU.Build.0 = Debug|Any CPU
		{C7BEF936-BB6C-4442-9F81-6883222B51FD}.Release|Any CPU.ActiveCfg = Release|Any CPU
		{C7BEF936-BB6C-4442-9F81-6883222B51FD}.Release|Any CPU.Build.0 = Release|Any CPU
		{C0DDFD06-7F3D-4036-8E81-6D2C1F2CF37A}.Debug|Any CPU.ActiveCfg = Debug|Any CPU
		{C0DDFD06-7F3D-4036-8E81-6D2C1F2CF37A}.Debug|Any CPU.Build.0 = Debug|Any CPU
		{C0DDFD06-7F3D-4036-8E81-6D2C1F2CF37A}.Release|Any CPU.ActiveCfg = Release|Any CPU
		{C0DDFD06-7F3D-4036-8E81-6D2C1F2CF37A}.Release|Any CPU.Build.0 = Release|Any CPU
		{DB3D3479-E862-4229-AC75-43B0CA59D504}.Debug|Any CPU.ActiveCfg = Debug|Any CPU
		{DB3D3479-E862-4229-AC75-43B0CA59D504}.Debug|Any CPU.Build.0 = Debug|Any CPU
		{DB3D3479-E862-4229-AC75-43B0CA59D504}.Release|Any CPU.ActiveCfg = Release|Any CPU
		{DB3D3479-E862-4229-AC75-43B0CA59D504}.Release|Any CPU.Build.0 = Release|Any CPU
		{2F6E8217-E488-4BEA-9A2B-71E341E0E233}.Debug|Any CPU.ActiveCfg = Debug|Any CPU
		{2F6E8217-E488-4BEA-9A2B-71E341E0E233}.Debug|Any CPU.Build.0 = Debug|Any CPU
		{2F6E8217-E488-4BEA-9A2B-71E341E0E233}.Release|Any CPU.ActiveCfg = Release|Any CPU
		{2F6E8217-E488-4BEA-9A2B-71E341E0E233}.Release|Any CPU.Build.0 = Release|Any CPU
		{D4A9CB43-550A-43FB-9AE8-48E447064CBF}.Debug|Any CPU.ActiveCfg = Debug|Any CPU
		{D4A9CB43-550A-43FB-9AE8-48E447064CBF}.Debug|Any CPU.Build.0 = Debug|Any CPU
		{D4A9CB43-550A-43FB-9AE8-48E447064CBF}.Release|Any CPU.ActiveCfg = Release|Any CPU
		{D4A9CB43-550A-43FB-9AE8-48E447064CBF}.Release|Any CPU.Build.0 = Release|Any CPU
		{C294D462-A083-4162-B147-B408FC3F5DF8}.Debug|Any CPU.ActiveCfg = Debug|Any CPU
		{C294D462-A083-4162-B147-B408FC3F5DF8}.Debug|Any CPU.Build.0 = Debug|Any CPU
		{C294D462-A083-4162-B147-B408FC3F5DF8}.Release|Any CPU.ActiveCfg = Release|Any CPU
		{C294D462-A083-4162-B147-B408FC3F5DF8}.Release|Any CPU.Build.0 = Release|Any CPU
	EndGlobalSection
	GlobalSection(SolutionProperties) = preSolution
		HideSolutionNode = FALSE
	EndGlobalSection
	GlobalSection(ExtensibilityGlobals) = postSolution
		SolutionGuid = {3B4CD5C6-5D3B-463D-84B9-3C5CE02D9B84}
	EndGlobalSection
EndGlobal
